
Microsoft Visual Studio Solution File, Format Version 12.00
# Visual Studio Version 16
VisualStudioVersion = 16.0.29806.167
MinimumVisualStudioVersion = 10.0.40219.1
Project("{8BC9CEB8-8B4A-11D0-8D11-00A0C91BC942}") = "merge", "merge.vcxproj", "{51C2D7B8-97E3-49E6-A111-4C1DFD5A1B67}"
EndProject
Global
	GlobalSection(SolutionConfigurationPlatforms) = preSolution
		Debug|x64 = Debug|x64
		Debug|x86 = Debug|x86
		Release|x64 = Release|x64
		Release|x86 = Release|x86
	EndGlobalSection
	GlobalSection(ProjectConfigurationPlatforms) = postSolution
		{51C2D7B8-97E3-49E6-A111-4C1DFD5A1B67}.Debug|x64.ActiveCfg = Debug|x64
		{51C2D7B8-97E3-49E6-A111-4C1DFD5A1B67}.Debug|x64.Build.0 = Debug|x64
		{51C2D7B8-97E3-49E6-A111-4C1DFD5A1B67}.Debug|x86.ActiveCfg = Debug|Win32
		{51C2D7B8-97E3-49E6-A111-4C1DFD5A1B67}.Debug|x86.Build.0 = Debug|Win32
		{51C2D7B8-97E3-49E6-A111-4C1DFD5A1B67}.Release|x64.ActiveCfg = Release|x64
		{51C2D7B8-97E3-49E6-A111-4C1DFD5A1B67}.Release|x64.Build.0 = Release|x64
		{51C2D7B8-97E3-49E6-A111-4C1DFD5A1B67}.Release|x86.ActiveCfg = Release|Win32
		{51C2D7B8-97E3-49E6-A111-4C1DFD5A1B67}.Release|x86.Build.0 = Release|Win32
	EndGlobalSection
	GlobalSection(SolutionProperties) = preSolution
		HideSolutionNode = FALSE
	EndGlobalSection
	GlobalSection(ExtensibilityGlobals) = postSolution
		SolutionGuid = {F85862CC-9508-4210-B44E-8B1D25B7E437}
	EndGlobalSection
EndGlobal
