
Microsoft Visual Studio Solution File, Format Version 12.00
# Visual Studio Version 16
VisualStudioVersion = 16.0.30011.22
MinimumVisualStudioVersion = 10.0.40219.1
Project("{8BC9CEB8-8B4A-11D0-8D11-00A0C91BC942}") = "单链表排序", "单链表排序.vcxproj", "{0593680B-65CC-4CBF-AD61-A42570F49633}"
EndProject
Global
	GlobalSection(SolutionConfigurationPlatforms) = preSolution
		Debug|x64 = Debug|x64
		Debug|x86 = Debug|x86
		Release|x64 = Release|x64
		Release|x86 = Release|x86
	EndGlobalSection
	GlobalSection(ProjectConfigurationPlatforms) = postSolution
		{0593680B-65CC-4CBF-AD61-A42570F49633}.Debug|x64.ActiveCfg = Debug|x64
		{0593680B-65CC-4CBF-AD61-A42570F49633}.Debug|x64.Build.0 = Debug|x64
		{0593680B-65CC-4CBF-AD61-A42570F49633}.Debug|x86.ActiveCfg = Debug|Win32
		{0593680B-65CC-4CBF-AD61-A42570F49633}.Debug|x86.Build.0 = Debug|Win32
		{0593680B-65CC-4CBF-AD61-A42570F49633}.Release|x64.ActiveCfg = Release|x64
		{0593680B-65CC-4CBF-AD61-A42570F49633}.Release|x64.Build.0 = Release|x64
		{0593680B-65CC-4CBF-AD61-A42570F49633}.Release|x86.ActiveCfg = Release|Win32
		{0593680B-65CC-4CBF-AD61-A42570F49633}.Release|x86.Build.0 = Release|Win32
	EndGlobalSection
	GlobalSection(SolutionProperties) = preSolution
		HideSolutionNode = FALSE
	EndGlobalSection
	GlobalSection(ExtensibilityGlobals) = postSolution
		SolutionGuid = {BCBBF66E-371F-4517-A471-4024E59DF0BE}
	EndGlobalSection
EndGlobal
