
Microsoft Visual Studio Solution File, Format Version 12.00
# Visual Studio Version 16
VisualStudioVersion = 16.0.30011.22
MinimumVisualStudioVersion = 10.0.40219.1
Project("{8BC9CEB8-8B4A-11D0-8D11-00A0C91BC942}") = "树-左兄弟右孩子", "树-左兄弟右孩子.vcxproj", "{17ABDAD1-C68D-441B-850F-D29EBEB053EC}"
EndProject
Global
	GlobalSection(SolutionConfigurationPlatforms) = preSolution
		Debug|x64 = Debug|x64
		Debug|x86 = Debug|x86
		Release|x64 = Release|x64
		Release|x86 = Release|x86
	EndGlobalSection
	GlobalSection(ProjectConfigurationPlatforms) = postSolution
		{17ABDAD1-C68D-441B-850F-D29EBEB053EC}.Debug|x64.ActiveCfg = Debug|x64
		{17ABDAD1-C68D-441B-850F-D29EBEB053EC}.Debug|x64.Build.0 = Debug|x64
		{17ABDAD1-C68D-441B-850F-D29EBEB053EC}.Debug|x86.ActiveCfg = Debug|Win32
		{17ABDAD1-C68D-441B-850F-D29EBEB053EC}.Debug|x86.Build.0 = Debug|Win32
		{17ABDAD1-C68D-441B-850F-D29EBEB053EC}.Release|x64.ActiveCfg = Release|x64
		{17ABDAD1-C68D-441B-850F-D29EBEB053EC}.Release|x64.Build.0 = Release|x64
		{17ABDAD1-C68D-441B-850F-D29EBEB053EC}.Release|x86.ActiveCfg = Release|Win32
		{17ABDAD1-C68D-441B-850F-D29EBEB053EC}.Release|x86.Build.0 = Release|Win32
	EndGlobalSection
	GlobalSection(SolutionProperties) = preSolution
		HideSolutionNode = FALSE
	EndGlobalSection
	GlobalSection(ExtensibilityGlobals) = postSolution
		SolutionGuid = {920AC43B-6FE0-4BB0-B4D3-61D4D2BB59C3}
	EndGlobalSection
EndGlobal
