
Microsoft Visual Studio Solution File, Format Version 12.00
# Visual Studio Version 16
VisualStudioVersion = 16.0.29613.14
MinimumVisualStudioVersion = 10.0.40219.1
Project("{8BC9CEB8-8B4A-11D0-8D11-00A0C91BC942}") = "函数 变量赋值", "函数 变量赋值.vcxproj", "{A1283A39-AD73-4EB4-AF9D-0DA38318AFCE}"
EndProject
Global
	GlobalSection(SolutionConfigurationPlatforms) = preSolution
		Debug|x64 = Debug|x64
		Debug|x86 = Debug|x86
		Release|x64 = Release|x64
		Release|x86 = Release|x86
	EndGlobalSection
	GlobalSection(ProjectConfigurationPlatforms) = postSolution
		{A1283A39-AD73-4EB4-AF9D-0DA38318AFCE}.Debug|x64.ActiveCfg = Debug|x64
		{A1283A39-AD73-4EB4-AF9D-0DA38318AFCE}.Debug|x64.Build.0 = Debug|x64
		{A1283A39-AD73-4EB4-AF9D-0DA38318AFCE}.Debug|x86.ActiveCfg = Debug|Win32
		{A1283A39-AD73-4EB4-AF9D-0DA38318AFCE}.Debug|x86.Build.0 = Debug|Win32
		{A1283A39-AD73-4EB4-AF9D-0DA38318AFCE}.Release|x64.ActiveCfg = Release|x64
		{A1283A39-AD73-4EB4-AF9D-0DA38318AFCE}.Release|x64.Build.0 = Release|x64
		{A1283A39-AD73-4EB4-AF9D-0DA38318AFCE}.Release|x86.ActiveCfg = Release|Win32
		{A1283A39-AD73-4EB4-AF9D-0DA38318AFCE}.Release|x86.Build.0 = Release|Win32
	EndGlobalSection
	GlobalSection(SolutionProperties) = preSolution
		HideSolutionNode = FALSE
	EndGlobalSection
	GlobalSection(ExtensibilityGlobals) = postSolution
		SolutionGuid = {9F4EAD4E-0940-4AD0-AF0E-3F9E5E69BAA3}
	EndGlobalSection
EndGlobal
