
Microsoft Visual Studio Solution File, Format Version 12.00
# Visual Studio Version 16
VisualStudioVersion = 16.0.29806.167
MinimumVisualStudioVersion = 10.0.40219.1
Project("{8BC9CEB8-8B4A-11D0-8D11-00A0C91BC942}") = "单链表3", "单链表3.vcxproj", "{805BE046-D4B5-4246-A076-8C11EA129F76}"
EndProject
Global
	GlobalSection(SolutionConfigurationPlatforms) = preSolution
		Debug|x64 = Debug|x64
		Debug|x86 = Debug|x86
		Release|x64 = Release|x64
		Release|x86 = Release|x86
	EndGlobalSection
	GlobalSection(ProjectConfigurationPlatforms) = postSolution
		{805BE046-D4B5-4246-A076-8C11EA129F76}.Debug|x64.ActiveCfg = Debug|x64
		{805BE046-D4B5-4246-A076-8C11EA129F76}.Debug|x64.Build.0 = Debug|x64
		{805BE046-D4B5-4246-A076-8C11EA129F76}.Debug|x86.ActiveCfg = Debug|Win32
		{805BE046-D4B5-4246-A076-8C11EA129F76}.Debug|x86.Build.0 = Debug|Win32
		{805BE046-D4B5-4246-A076-8C11EA129F76}.Release|x64.ActiveCfg = Release|x64
		{805BE046-D4B5-4246-A076-8C11EA129F76}.Release|x64.Build.0 = Release|x64
		{805BE046-D4B5-4246-A076-8C11EA129F76}.Release|x86.ActiveCfg = Release|Win32
		{805BE046-D4B5-4246-A076-8C11EA129F76}.Release|x86.Build.0 = Release|Win32
	EndGlobalSection
	GlobalSection(SolutionProperties) = preSolution
		HideSolutionNode = FALSE
	EndGlobalSection
	GlobalSection(ExtensibilityGlobals) = postSolution
		SolutionGuid = {D716B2B7-6DBB-4C1C-A41D-A969C06B7B06}
	EndGlobalSection
EndGlobal
